
Microsoft Visual Studio Solution File, Format Version 12.00
# Visual Studio 15
VisualStudioVersion = 15.0.28010.2026
MinimumVisualStudioVersion = 10.0.40219.1
Project("{9A19103F-16F7-4668-BE54-9A1E7A4F7556}") = "Mediator", "Mediator\Mediator.csproj", "{4870D100-0DA0-430A-AEAF-DF04875F6003}"
EndProject
Project("{9A19103F-16F7-4668-BE54-9A1E7A4F7556}") = "ChainOfResponsibility", "ChainOfResponsibility\ChainOfResponsibility.csproj", "{9BA9219C-EC9E-4262-8B4B-31F18CFCB123}"
EndProject
Project("{9A19103F-16F7-4668-BE54-9A1E7A4F7556}") = "Builder", "Builder\Builder.csproj", "{1492710B-A650-4B34-BD2F-3DAC49E2B233}"
EndProject
Project("{9A19103F-16F7-4668-BE54-9A1E7A4F7556}") = "Composite", "Composite\Composite.csproj", "{528D920A-3F37-42F2-BF62-FE183A75D33A}"
EndProject
Project("{9A19103F-16F7-4668-BE54-9A1E7A4F7556}") = "Iterator", "Iterator\Iterator.csproj", "{D83D37DE-3836-422F-B3D0-A3E81A7AB6C6}"
EndProject
Project("{9A19103F-16F7-4668-BE54-9A1E7A4F7556}") = "Singleton", "Singleton\Singleton.csproj", "{EB8ED021-85E9-4DC8-92CC-0ECD06EA9998}"
EndProject
Project("{FAE04EC0-301F-11D3-BF4B-00C04F79EFBC}") = "Adapter", "Adapter\Adapter.csproj", "{9EADCC9B-8A01-4EA3-B56C-06604DE06EE7}"
EndProject
Global
	GlobalSection(SolutionConfigurationPlatforms) = preSolution
		Debug|Any CPU = Debug|Any CPU
		Release|Any CPU = Release|Any CPU
	EndGlobalSection
	GlobalSection(ProjectConfigurationPlatforms) = postSolution
		{4870D100-0DA0-430A-AEAF-DF04875F6003}.Debug|Any CPU.ActiveCfg = Debug|Any CPU
		{4870D100-0DA0-430A-AEAF-DF04875F6003}.Debug|Any CPU.Build.0 = Debug|Any CPU
		{4870D100-0DA0-430A-AEAF-DF04875F6003}.Release|Any CPU.ActiveCfg = Release|Any CPU
		{4870D100-0DA0-430A-AEAF-DF04875F6003}.Release|Any CPU.Build.0 = Release|Any CPU
		{9BA9219C-EC9E-4262-8B4B-31F18CFCB123}.Debug|Any CPU.ActiveCfg = Debug|Any CPU
		{9BA9219C-EC9E-4262-8B4B-31F18CFCB123}.Debug|Any CPU.Build.0 = Debug|Any CPU
		{9BA9219C-EC9E-4262-8B4B-31F18CFCB123}.Release|Any CPU.ActiveCfg = Release|Any CPU
		{9BA9219C-EC9E-4262-8B4B-31F18CFCB123}.Release|Any CPU.Build.0 = Release|Any CPU
		{1492710B-A650-4B34-BD2F-3DAC49E2B233}.Debug|Any CPU.ActiveCfg = Debug|Any CPU
		{1492710B-A650-4B34-BD2F-3DAC49E2B233}.Debug|Any CPU.Build.0 = Debug|Any CPU
		{1492710B-A650-4B34-BD2F-3DAC49E2B233}.Release|Any CPU.ActiveCfg = Release|Any CPU
		{1492710B-A650-4B34-BD2F-3DAC49E2B233}.Release|Any CPU.Build.0 = Release|Any CPU
		{528D920A-3F37-42F2-BF62-FE183A75D33A}.Debug|Any CPU.ActiveCfg = Debug|Any CPU
		{528D920A-3F37-42F2-BF62-FE183A75D33A}.Debug|Any CPU.Build.0 = Debug|Any CPU
		{528D920A-3F37-42F2-BF62-FE183A75D33A}.Release|Any CPU.ActiveCfg = Release|Any CPU
		{528D920A-3F37-42F2-BF62-FE183A75D33A}.Release|Any CPU.Build.0 = Release|Any CPU
		{D83D37DE-3836-422F-B3D0-A3E81A7AB6C6}.Debug|Any CPU.ActiveCfg = Debug|Any CPU
		{D83D37DE-3836-422F-B3D0-A3E81A7AB6C6}.Debug|Any CPU.Build.0 = Debug|Any CPU
		{D83D37DE-3836-422F-B3D0-A3E81A7AB6C6}.Release|Any CPU.ActiveCfg = Release|Any CPU
		{D83D37DE-3836-422F-B3D0-A3E81A7AB6C6}.Release|Any CPU.Build.0 = Release|Any CPU
		{EB8ED021-85E9-4DC8-92CC-0ECD06EA9998}.Debug|Any CPU.ActiveCfg = Debug|Any CPU
		{EB8ED021-85E9-4DC8-92CC-0ECD06EA9998}.Debug|Any CPU.Build.0 = Debug|Any CPU
		{EB8ED021-85E9-4DC8-92CC-0ECD06EA9998}.Release|Any CPU.ActiveCfg = Release|Any CPU
		{EB8ED021-85E9-4DC8-92CC-0ECD06EA9998}.Release|Any CPU.Build.0 = Release|Any CPU
		{9EADCC9B-8A01-4EA3-B56C-06604DE06EE7}.Debug|Any CPU.ActiveCfg = Debug|Any CPU
		{9EADCC9B-8A01-4EA3-B56C-06604DE06EE7}.Debug|Any CPU.Build.0 = Debug|Any CPU
		{9EADCC9B-8A01-4EA3-B56C-06604DE06EE7}.Release|Any CPU.ActiveCfg = Release|Any CPU
		{9EADCC9B-8A01-4EA3-B56C-06604DE06EE7}.Release|Any CPU.Build.0 = Release|Any CPU
	EndGlobalSection
	GlobalSection(SolutionProperties) = preSolution
		HideSolutionNode = FALSE
	EndGlobalSection
	GlobalSection(ExtensibilityGlobals) = postSolution
		SolutionGuid = {09986C46-45DE-4264-B017-B9CEFA43B805}
	EndGlobalSection
EndGlobal
